
Microsoft Visual Studio Solution File, Format Version 12.00
# Visual Studio 15
VisualStudioVersion = 15.0.27130.2036
MinimumVisualStudioVersion = 10.0.40219.1
Project("{9A19103F-16F7-4668-BE54-9A1E7A4F7556}") = "PokerTimer.Api", "PokerTimer.Api\PokerTimer.Api.csproj", "{EAE99E62-F1E1-4939-9B5C-C984F6F03230}"
EndProject
Global
	GlobalSection(SolutionConfigurationPlatforms) = preSolution
		Debug|Any CPU = Debug|Any CPU
		Release|Any CPU = Release|Any CPU
	EndGlobalSection
	GlobalSection(ProjectConfigurationPlatforms) = postSolution
		{EAE99E62-F1E1-4939-9B5C-C984F6F03230}.Debug|Any CPU.ActiveCfg = Debug|Any CPU
		{EAE99E62-F1E1-4939-9B5C-C984F6F03230}.Debug|Any CPU.Build.0 = Debug|Any CPU
		{EAE99E62-F1E1-4939-9B5C-C984F6F03230}.Release|Any CPU.ActiveCfg = Release|Any CPU
		{EAE99E62-F1E1-4939-9B5C-C984F6F03230}.Release|Any CPU.Build.0 = Release|Any CPU
	EndGlobalSection
	GlobalSection(SolutionProperties) = preSolution
		HideSolutionNode = FALSE
	EndGlobalSection
	GlobalSection(ExtensibilityGlobals) = postSolution
		SolutionGuid = {1A90C869-6BAC-4551-87F8-35BE71833026}
	EndGlobalSection
EndGlobal
